// !$*UTF8*$!
{
	archiveVersion = 1;
	classes = {
	};
	objectVersion = 55;
	objects = {

/* Begin PBXBuildFile section */
		27005B69284776E900E9ED18 /* AppDelegate.swift in Sources */ = {isa = PBXBuildFile; fileRef = 27005B68284776E900E9ED18 /* AppDelegate.swift */; };
		27005B72284776EB00E9ED18 /* Assets.xcassets in Resources */ = {isa = PBXBuildFile; fileRef = 27005B71284776EB00E9ED18 /* Assets.xcassets */; };
		27005B75284776EB00E9ED18 /* LaunchScreen.storyboard in Resources */ = {isa = PBXBuildFile; fileRef = 27005B73284776EB00E9ED18 /* LaunchScreen.storyboard */; };
		27005B8028477D0B00E9ED18 /* CodableViews.swift in Sources */ = {isa = PBXBuildFile; fileRef = 27005B7F28477D0B00E9ED18 /* CodableViews.swift */; };
		270DA452286DF1F2007F3729 /* LoginViewController.swift in Sources */ = {isa = PBXBuildFile; fileRef = 270DA451286DF1F2007F3729 /* LoginViewController.swift */; };
		270DA455286E1188007F3729 /* RegisterViewController.swift in Sources */ = {isa = PBXBuildFile; fileRef = 270DA454286E1188007F3729 /* RegisterViewController.swift */; };
		2727817D2866381800B07423 /* SearchCollectionViewCell.swift in Sources */ = {isa = PBXBuildFile; fileRef = 2727817C2866381800B07423 /* SearchCollectionViewCell.swift */; };
		27339F9C286B7D6B00EF5F40 /* ViewController.swift in Sources */ = {isa = PBXBuildFile; fileRef = 27339F9B286B7D6B00EF5F40 /* ViewController.swift */; };
		2739753E28779DEB007106BC /* GoogleService-Info.plist in Resources */ = {isa = PBXBuildFile; fileRef = 2739753D28779DEB007106BC /* GoogleService-Info.plist */; };
		276838D328620FEB00B8F005 /* MoviesViewController.swift in Sources */ = {isa = PBXBuildFile; fileRef = 276838D228620FEB00B8F005 /* MoviesViewController.swift */; };
		276838D528639DA500B8F005 /* NowPlaying.swift in Sources */ = {isa = PBXBuildFile; fileRef = 276838D428639DA500B8F005 /* NowPlaying.swift */; };
		276838D82863A2D900B8F005 /* UpcomingCollectionViewCell.swift in Sources */ = {isa = PBXBuildFile; fileRef = 276838D72863A2D900B8F005 /* UpcomingCollectionViewCell.swift */; };
		276838DA2863AA8500B8F005 /* TopRated.swift in Sources */ = {isa = PBXBuildFile; fileRef = 276838D92863AA8500B8F005 /* TopRated.swift */; };
		276838DC2863C52200B8F005 /* TopRatedCollectionViewCell.swift in Sources */ = {isa = PBXBuildFile; fileRef = 276838DB2863C52200B8F005 /* TopRatedCollectionViewCell.swift */; };
		276838DE2863C6C200B8F005 /* Popular.swift in Sources */ = {isa = PBXBuildFile; fileRef = 276838DD2863C6C200B8F005 /* Popular.swift */; };
		276838E02863C6D200B8F005 /* PopularCollectionViewCell.swift in Sources */ = {isa = PBXBuildFile; fileRef = 276838DF2863C6D200B8F005 /* PopularCollectionViewCell.swift */; };
		276838E22863DBAF00B8F005 /* MovieListState.swift in Sources */ = {isa = PBXBuildFile; fileRef = 276838E12863DBAF00B8F005 /* MovieListState.swift */; };
		276AAB12288730E30031B01D /* NewMovieController.swift in Sources */ = {isa = PBXBuildFile; fileRef = 276AAB11288730E30031B01D /* NewMovieController.swift */; };
		277592F12867B924005CD1F3 /* SearchViewController.swift in Sources */ = {isa = PBXBuildFile; fileRef = 277592F02867B924005CD1F3 /* SearchViewController.swift */; };
		27815BC028859F19008E0F31 /* MovieStoreTestCase.swift in Sources */ = {isa = PBXBuildFile; fileRef = 27815BBF28859F19008E0F31 /* MovieStoreTestCase.swift */; };
		27815BC32885A054008E0F31 /* MockLoadURLAndDecoce.swift in Sources */ = {isa = PBXBuildFile; fileRef = 27815BC22885A054008E0F31 /* MockLoadURLAndDecoce.swift */; };
		27967436287DF6E30041BD2B /* SearchPresenter.swift in Sources */ = {isa = PBXBuildFile; fileRef = 27967435287DF6E30041BD2B /* SearchPresenter.swift */; };
		27967438287E2A140041BD2B /* Presenter.swift in Sources */ = {isa = PBXBuildFile; fileRef = 27967437287E2A140041BD2B /* Presenter.swift */; };
		279A6FE62880D7E3004E68F6 /* SearchViewControllerTests.swift in Sources */ = {isa = PBXBuildFile; fileRef = 279A6FE52880D7E3004E68F6 /* SearchViewControllerTests.swift */; };
		27A04475284E93B6002C93DF /* Extension.swift in Sources */ = {isa = PBXBuildFile; fileRef = 27A04474284E93B6002C93DF /* Extension.swift */; };
		27A0447928577F14002C93DF /* Upcoming.swift in Sources */ = {isa = PBXBuildFile; fileRef = 27A0447828577F14002C93DF /* Upcoming.swift */; };
		27A0447E28594A08002C93DF /* NowPlayingCollectionViewCell.swift in Sources */ = {isa = PBXBuildFile; fileRef = 27A0447D28594A08002C93DF /* NowPlayingCollectionViewCell.swift */; };
		27C68C63286A28EC00BDB8E3 /* MovieCollectionViewCell.swift in Sources */ = {isa = PBXBuildFile; fileRef = 27C68C62286A28EC00BDB8E3 /* MovieCollectionViewCell.swift */; };
		27DA10ED284BA41500FDF7A9 /* Movie.swift in Sources */ = {isa = PBXBuildFile; fileRef = 27DA10EC284BA41500FDF7A9 /* Movie.swift */; };
		27DA10F3284BA9D300FDF7A9 /* MovieService.swift in Sources */ = {isa = PBXBuildFile; fileRef = 27DA10F2284BA9D300FDF7A9 /* MovieService.swift */; };
		27DA10F5284BAC9100FDF7A9 /* MovieStore.swift in Sources */ = {isa = PBXBuildFile; fileRef = 27DA10F4284BAC9100FDF7A9 /* MovieStore.swift */; };
		27DA10F7284BADCD00FDF7A9 /* Utils.swift in Sources */ = {isa = PBXBuildFile; fileRef = 27DA10F6284BADCD00FDF7A9 /* Utils.swift */; };
		27DA10FA284BEAE100FDF7A9 /* MovieViewController.swift in Sources */ = {isa = PBXBuildFile; fileRef = 27DA10F9284BEAE100FDF7A9 /* MovieViewController.swift */; };
		27DA10FC284BECE600FDF7A9 /* Movies+Stub.swift in Sources */ = {isa = PBXBuildFile; fileRef = 27DA10FB284BECE600FDF7A9 /* Movies+Stub.swift */; };
		27DA1101284BED8C00FDF7A9 /* movie_info.json in Resources */ = {isa = PBXBuildFile; fileRef = 27DA10FE284BED8C00FDF7A9 /* movie_info.json */; };
		27DA1102284BED8C00FDF7A9 /* search_movie.json in Resources */ = {isa = PBXBuildFile; fileRef = 27DA10FF284BED8C00FDF7A9 /* search_movie.json */; };
		27DA1103284BED8C00FDF7A9 /* movie_list.json in Resources */ = {isa = PBXBuildFile; fileRef = 27DA1100284BED8C00FDF7A9 /* movie_list.json */; };
		A495C66E19EF53750D3D805E /* Pods_Movies.framework in Frameworks */ = {isa = PBXBuildFile; fileRef = 37F334BA750B1A245D3FF43A /* Pods_Movies.framework */; };
/* End PBXBuildFile section */

/* Begin PBXContainerItemProxy section */
		2739754928779F7D007106BC /* PBXContainerItemProxy */ = {
			isa = PBXContainerItemProxy;
			containerPortal = 27005B5D284776E900E9ED18 /* Project object */;
			proxyType = 1;
			remoteGlobalIDString = 27005B64284776E900E9ED18;
			remoteInfo = Movies;
		};
		279A6FE72880D7E3004E68F6 /* PBXContainerItemProxy */ = {
			isa = PBXContainerItemProxy;
			containerPortal = 27005B5D284776E900E9ED18 /* Project object */;
			proxyType = 1;
			remoteGlobalIDString = 27005B64284776E900E9ED18;
			remoteInfo = Movies;
		};
/* End PBXContainerItemProxy section */

/* Begin PBXFileReference section */
		27005B65284776E900E9ED18 /* Movies.app */ = {isa = PBXFileReference; explicitFileType = wrapper.application; includeInIndex = 0; path = Movies.app; sourceTree = BUILT_PRODUCTS_DIR; };
		27005B68284776E900E9ED18 /* AppDelegate.swift */ = {isa = PBXFileReference; lastKnownFileType = sourcecode.swift; path = AppDelegate.swift; sourceTree = "<group>"; };
		27005B71284776EB00E9ED18 /* Assets.xcassets */ = {isa = PBXFileReference; lastKnownFileType = folder.assetcatalog; path = Assets.xcassets; sourceTree = "<group>"; };
		27005B74284776EB00E9ED18 /* Base */ = {isa = PBXFileReference; lastKnownFileType = file.storyboard; name = Base; path = Base.lproj/LaunchScreen.storyboard; sourceTree = "<group>"; };
		27005B76284776EB00E9ED18 /* Info.plist */ = {isa = PBXFileReference; lastKnownFileType = text.plist.xml; path = Info.plist; sourceTree = "<group>"; };
		27005B7F28477D0B00E9ED18 /* CodableViews.swift */ = {isa = PBXFileReference; lastKnownFileType = sourcecode.swift; path = CodableViews.swift; sourceTree = "<group>"; };
		270DA451286DF1F2007F3729 /* LoginViewController.swift */ = {isa = PBXFileReference; lastKnownFileType = sourcecode.swift; path = LoginViewController.swift; sourceTree = "<group>"; };
		270DA454286E1188007F3729 /* RegisterViewController.swift */ = {isa = PBXFileReference; lastKnownFileType = sourcecode.swift; path = RegisterViewController.swift; sourceTree = "<group>"; };
		2727817C2866381800B07423 /* SearchCollectionViewCell.swift */ = {isa = PBXFileReference; lastKnownFileType = sourcecode.swift; path = SearchCollectionViewCell.swift; sourceTree = "<group>"; };
		27339F9B286B7D6B00EF5F40 /* ViewController.swift */ = {isa = PBXFileReference; lastKnownFileType = sourcecode.swift; path = ViewController.swift; sourceTree = "<group>"; };
		2739753D28779DEB007106BC /* GoogleService-Info.plist */ = {isa = PBXFileReference; fileEncoding = 4; lastKnownFileType = text.plist.xml; path = "GoogleService-Info.plist"; sourceTree = "<group>"; };
		2739754328779F7D007106BC /* MoviesUITests.xctest */ = {isa = PBXFileReference; explicitFileType = wrapper.cfbundle; includeInIndex = 0; path = MoviesUITests.xctest; sourceTree = BUILT_PRODUCTS_DIR; };
		276838D228620FEB00B8F005 /* MoviesViewController.swift */ = {isa = PBXFileReference; lastKnownFileType = sourcecode.swift; path = MoviesViewController.swift; sourceTree = "<group>"; };
		276838D428639DA500B8F005 /* NowPlaying.swift */ = {isa = PBXFileReference; lastKnownFileType = sourcecode.swift; path = NowPlaying.swift; sourceTree = "<group>"; };
		276838D72863A2D900B8F005 /* UpcomingCollectionViewCell.swift */ = {isa = PBXFileReference; lastKnownFileType = sourcecode.swift; path = UpcomingCollectionViewCell.swift; sourceTree = "<group>"; };
		276838D92863AA8500B8F005 /* TopRated.swift */ = {isa = PBXFileReference; lastKnownFileType = sourcecode.swift; path = TopRated.swift; sourceTree = "<group>"; };
		276838DB2863C52200B8F005 /* TopRatedCollectionViewCell.swift */ = {isa = PBXFileReference; lastKnownFileType = sourcecode.swift; path = TopRatedCollectionViewCell.swift; sourceTree = "<group>"; };
		276838DD2863C6C200B8F005 /* Popular.swift */ = {isa = PBXFileReference; lastKnownFileType = sourcecode.swift; path = Popular.swift; sourceTree = "<group>"; };
		276838DF2863C6D200B8F005 /* PopularCollectionViewCell.swift */ = {isa = PBXFileReference; lastKnownFileType = sourcecode.swift; path = PopularCollectionViewCell.swift; sourceTree = "<group>"; };
		276838E12863DBAF00B8F005 /* MovieListState.swift */ = {isa = PBXFileReference; lastKnownFileType = sourcecode.swift; path = MovieListState.swift; sourceTree = "<group>"; };
		276AAB11288730E30031B01D /* NewMovieController.swift */ = {isa = PBXFileReference; lastKnownFileType = sourcecode.swift; path = NewMovieController.swift; sourceTree = "<group>"; };
		277592F02867B924005CD1F3 /* SearchViewController.swift */ = {isa = PBXFileReference; lastKnownFileType = sourcecode.swift; path = SearchViewController.swift; sourceTree = "<group>"; };
		27815BBF28859F19008E0F31 /* MovieStoreTestCase.swift */ = {isa = PBXFileReference; lastKnownFileType = sourcecode.swift; path = MovieStoreTestCase.swift; sourceTree = "<group>"; };
		27815BC22885A054008E0F31 /* MockLoadURLAndDecoce.swift */ = {isa = PBXFileReference; lastKnownFileType = sourcecode.swift; path = MockLoadURLAndDecoce.swift; sourceTree = "<group>"; };
		27967435287DF6E30041BD2B /* SearchPresenter.swift */ = {isa = PBXFileReference; lastKnownFileType = sourcecode.swift; path = SearchPresenter.swift; sourceTree = "<group>"; };
		27967437287E2A140041BD2B /* Presenter.swift */ = {isa = PBXFileReference; lastKnownFileType = sourcecode.swift; path = Presenter.swift; sourceTree = "<group>"; };
		279A6FE32880D7E3004E68F6 /* MoviesTests.xctest */ = {isa = PBXFileReference; explicitFileType = wrapper.cfbundle; includeInIndex = 0; path = MoviesTests.xctest; sourceTree = BUILT_PRODUCTS_DIR; };
		279A6FE52880D7E3004E68F6 /* SearchViewControllerTests.swift */ = {isa = PBXFileReference; lastKnownFileType = sourcecode.swift; path = SearchViewControllerTests.swift; sourceTree = "<group>"; };
		27A04474284E93B6002C93DF /* Extension.swift */ = {isa = PBXFileReference; lastKnownFileType = sourcecode.swift; path = Extension.swift; sourceTree = "<group>"; };
		27A0447828577F14002C93DF /* Upcoming.swift */ = {isa = PBXFileReference; lastKnownFileType = sourcecode.swift; path = Upcoming.swift; sourceTree = "<group>"; };
		27A0447D28594A08002C93DF /* NowPlayingCollectionViewCell.swift */ = {isa = PBXFileReference; lastKnownFileType = sourcecode.swift; path = NowPlayingCollectionViewCell.swift; sourceTree = "<group>"; };
		27C68C62286A28EC00BDB8E3 /* MovieCollectionViewCell.swift */ = {isa = PBXFileReference; lastKnownFileType = sourcecode.swift; path = MovieCollectionViewCell.swift; sourceTree = "<group>"; };
		27DA10EC284BA41500FDF7A9 /* Movie.swift */ = {isa = PBXFileReference; lastKnownFileType = sourcecode.swift; path = Movie.swift; sourceTree = "<group>"; };
		27DA10F2284BA9D300FDF7A9 /* MovieService.swift */ = {isa = PBXFileReference; lastKnownFileType = sourcecode.swift; path = MovieService.swift; sourceTree = "<group>"; };
		27DA10F4284BAC9100FDF7A9 /* MovieStore.swift */ = {isa = PBXFileReference; lastKnownFileType = sourcecode.swift; path = MovieStore.swift; sourceTree = "<group>"; };
		27DA10F6284BADCD00FDF7A9 /* Utils.swift */ = {isa = PBXFileReference; lastKnownFileType = sourcecode.swift; path = Utils.swift; sourceTree = "<group>"; };
		27DA10F9284BEAE100FDF7A9 /* MovieViewController.swift */ = {isa = PBXFileReference; lastKnownFileType = sourcecode.swift; path = MovieViewController.swift; sourceTree = "<group>"; };
		27DA10FB284BECE600FDF7A9 /* Movies+Stub.swift */ = {isa = PBXFileReference; lastKnownFileType = sourcecode.swift; path = "Movies+Stub.swift"; sourceTree = "<group>"; };
		27DA10FE284BED8C00FDF7A9 /* movie_info.json */ = {isa = PBXFileReference; fileEncoding = 4; lastKnownFileType = text.json; path = movie_info.json; sourceTree = "<group>"; };
		27DA10FF284BED8C00FDF7A9 /* search_movie.json */ = {isa = PBXFileReference; fileEncoding = 4; lastKnownFileType = text.json; path = search_movie.json; sourceTree = "<group>"; };
		27DA1100284BED8C00FDF7A9 /* movie_list.json */ = {isa = PBXFileReference; fileEncoding = 4; lastKnownFileType = text.json; path = movie_list.json; sourceTree = "<group>"; };
		2BD5960B7ADCE878B7479F52 /* Pods-Movies.debug.xcconfig */ = {isa = PBXFileReference; includeInIndex = 1; lastKnownFileType = text.xcconfig; name = "Pods-Movies.debug.xcconfig"; path = "Target Support Files/Pods-Movies/Pods-Movies.debug.xcconfig"; sourceTree = "<group>"; };
		37F334BA750B1A245D3FF43A /* Pods_Movies.framework */ = {isa = PBXFileReference; explicitFileType = wrapper.framework; includeInIndex = 0; path = Pods_Movies.framework; sourceTree = BUILT_PRODUCTS_DIR; };
		DD04DFCC744CF02FA35CCBCA /* Pods-Movies.release.xcconfig */ = {isa = PBXFileReference; includeInIndex = 1; lastKnownFileType = text.xcconfig; name = "Pods-Movies.release.xcconfig"; path = "Target Support Files/Pods-Movies/Pods-Movies.release.xcconfig"; sourceTree = "<group>"; };
/* End PBXFileReference section */

/* Begin PBXFrameworksBuildPhase section */
		27005B62284776E900E9ED18 /* Frameworks */ = {
			isa = PBXFrameworksBuildPhase;
			buildActionMask = 2147483647;
			files = (
				A495C66E19EF53750D3D805E /* Pods_Movies.framework in Frameworks */,
			);
			runOnlyForDeploymentPostprocessing = 0;
		};
		2739754028779F7D007106BC /* Frameworks */ = {
			isa = PBXFrameworksBuildPhase;
			buildActionMask = 2147483647;
			files = (
			);
			runOnlyForDeploymentPostprocessing = 0;
		};
		279A6FE02880D7E3004E68F6 /* Frameworks */ = {
			isa = PBXFrameworksBuildPhase;
			buildActionMask = 2147483647;
			files = (
			);
			runOnlyForDeploymentPostprocessing = 0;
		};
/* End PBXFrameworksBuildPhase section */

/* Begin PBXGroup section */
		27005B5C284776E900E9ED18 = {
			isa = PBXGroup;
			children = (
				27005B67284776E900E9ED18 /* Movies */,
				279A6FE42880D7E3004E68F6 /* MoviesTests */,
				27005B66284776E900E9ED18 /* Products */,
				D41AFCFE8EBC0DF8835F232D /* Pods */,
				E9EB36319BEDE85A8A832DF7 /* Frameworks */,
			);
			sourceTree = "<group>";
		};
		27005B66284776E900E9ED18 /* Products */ = {
			isa = PBXGroup;
			children = (
				27005B65284776E900E9ED18 /* Movies.app */,
				2739754328779F7D007106BC /* MoviesUITests.xctest */,
				279A6FE32880D7E3004E68F6 /* MoviesTests.xctest */,
			);
			name = Products;
			sourceTree = "<group>";
		};
		27005B67284776E900E9ED18 /* Movies */ = {
			isa = PBXGroup;
			children = (
				27005B68284776E900E9ED18 /* AppDelegate.swift */,
				27DA1104284BF40C00FDF7A9 /* Bindings */,
				27DA10FD284BED2800FDF7A9 /* Resources */,
				27DA10F8284BEAD500FDF7A9 /* Views */,
				27DA10F1284BA9C300FDF7A9 /* Service */,
				27DA10E9284B9FD100FDF7A9 /* Model */,
				27F0EAC72864F03C00221997 /* Utils */,
				27005B7C2847793E00E9ED18 /* Files */,
			);
			path = Movies;
			sourceTree = "<group>";
		};
		27005B7C2847793E00E9ED18 /* Files */ = {
			isa = PBXGroup;
			children = (
				27005B71284776EB00E9ED18 /* Assets.xcassets */,
				27005B73284776EB00E9ED18 /* LaunchScreen.storyboard */,
				2739753D28779DEB007106BC /* GoogleService-Info.plist */,
				27005B76284776EB00E9ED18 /* Info.plist */,
			);
			name = Files;
			sourceTree = "<group>";
		};
		270DA450286DF1DD007F3729 /* Login */ = {
			isa = PBXGroup;
			children = (
				270DA451286DF1F2007F3729 /* LoginViewController.swift */,
			);
			path = Login;
			sourceTree = "<group>";
		};
		270DA453286E117D007F3729 /* Register */ = {
			isa = PBXGroup;
			children = (
				270DA454286E1188007F3729 /* RegisterViewController.swift */,
			);
			path = Register;
			sourceTree = "<group>";
		};
		2727817B286637E200B07423 /* Search */ = {
			isa = PBXGroup;
			children = (
				27967434287DF6880041BD2B /* Presenter */,
				27C68C602869F07B00BDB8E3 /* View */,
			);
			path = Search;
			sourceTree = "<group>";
		};
		276838D128620FA900B8F005 /* Movies */ = {
			isa = PBXGroup;
			children = (
				27C68C5F2869F06700BDB8E3 /* View */,
				27C68C5E2869F04A00BDB8E3 /* CellsViews */,
				27967439287E317A0041BD2B /* Presenter */,
			);
			path = Movies;
			sourceTree = "<group>";
		};
		27815BC12885A03A008E0F31 /* Mock */ = {
			isa = PBXGroup;
			children = (
				27815BC22885A054008E0F31 /* MockLoadURLAndDecoce.swift */,
			);
			path = Mock;
			sourceTree = "<group>";
		};
		27967434287DF6880041BD2B /* Presenter */ = {
			isa = PBXGroup;
			children = (
				27967435287DF6E30041BD2B /* SearchPresenter.swift */,
			);
			path = Presenter;
			sourceTree = "<group>";
		};
		27967439287E317A0041BD2B /* Presenter */ = {
			isa = PBXGroup;
			children = (
				27967437287E2A140041BD2B /* Presenter.swift */,
			);
			path = Presenter;
			sourceTree = "<group>";
		};
		279A6FE42880D7E3004E68F6 /* MoviesTests */ = {
			isa = PBXGroup;
			children = (
				279A6FEC2880D7F8004E68F6 /* Search */,
			);
			path = MoviesTests;
			sourceTree = "<group>";
		};
		279A6FEC2880D7F8004E68F6 /* Search */ = {
			isa = PBXGroup;
			children = (
				279A6FED2880D800004E68F6 /* Doubles */,
				279A6FE52880D7E3004E68F6 /* SearchViewControllerTests.swift */,
				27815BBF28859F19008E0F31 /* MovieStoreTestCase.swift */,
			);
			path = Search;
			sourceTree = "<group>";
		};
		279A6FED2880D800004E68F6 /* Doubles */ = {
			isa = PBXGroup;
			children = (
				27815BC12885A03A008E0F31 /* Mock */,
			);
			path = Doubles;
			sourceTree = "<group>";
		};
		27A0447C2859475E002C93DF /* Cells */ = {
			isa = PBXGroup;
			children = (
				27A0447D28594A08002C93DF /* NowPlayingCollectionViewCell.swift */,
				276838D72863A2D900B8F005 /* UpcomingCollectionViewCell.swift */,
				276838DB2863C52200B8F005 /* TopRatedCollectionViewCell.swift */,
				276838DF2863C6D200B8F005 /* PopularCollectionViewCell.swift */,
			);
			path = Cells;
			sourceTree = "<group>";
		};
		27C68C5E2869F04A00BDB8E3 /* CellsViews */ = {
			isa = PBXGroup;
			children = (
				276838D428639DA500B8F005 /* NowPlaying.swift */,
				27A0447828577F14002C93DF /* Upcoming.swift */,
				276838D92863AA8500B8F005 /* TopRated.swift */,
				276838DD2863C6C200B8F005 /* Popular.swift */,
				27A0447C2859475E002C93DF /* Cells */,
			);
			path = CellsViews;
			sourceTree = "<group>";
		};
		27C68C5F2869F06700BDB8E3 /* View */ = {
			isa = PBXGroup;
			children = (
				276838D228620FEB00B8F005 /* MoviesViewController.swift */,
			);
			path = View;
			sourceTree = "<group>";
		};
		27C68C602869F07B00BDB8E3 /* View */ = {
			isa = PBXGroup;
			children = (
				277592F02867B924005CD1F3 /* SearchViewController.swift */,
				27C68C612869F08700BDB8E3 /* cell */,
			);
			path = View;
			sourceTree = "<group>";
		};
		27C68C612869F08700BDB8E3 /* cell */ = {
			isa = PBXGroup;
			children = (
				2727817C2866381800B07423 /* SearchCollectionViewCell.swift */,
			);
			path = cell;
			sourceTree = "<group>";
		};
		27C68C64286A4F7F00BDB8E3 /* Movie */ = {
			isa = PBXGroup;
			children = (
				27DA10F9284BEAE100FDF7A9 /* MovieViewController.swift */,
				27C68C65286A4FA700BDB8E3 /* Cell */,
				276AAB11288730E30031B01D /* NewMovieController.swift */,
			);
			path = Movie;
			sourceTree = "<group>";
		};
		27C68C65286A4FA700BDB8E3 /* Cell */ = {
			isa = PBXGroup;
			children = (
				27C68C62286A28EC00BDB8E3 /* MovieCollectionViewCell.swift */,
			);
			path = Cell;
			sourceTree = "<group>";
		};
		27DA10E9284B9FD100FDF7A9 /* Model */ = {
			isa = PBXGroup;
			children = (
				27DA10EC284BA41500FDF7A9 /* Movie.swift */,
				27DA10FB284BECE600FDF7A9 /* Movies+Stub.swift */,
			);
			path = Model;
			sourceTree = "<group>";
		};
		27DA10F1284BA9C300FDF7A9 /* Service */ = {
			isa = PBXGroup;
			children = (
				27DA10F2284BA9D300FDF7A9 /* MovieService.swift */,
				27DA10F4284BAC9100FDF7A9 /* MovieStore.swift */,
			);
			path = Service;
			sourceTree = "<group>";
		};
		27DA10F8284BEAD500FDF7A9 /* Views */ = {
			isa = PBXGroup;
			children = (
				27339F9B286B7D6B00EF5F40 /* ViewController.swift */,
				270DA453286E117D007F3729 /* Register */,
				270DA450286DF1DD007F3729 /* Login */,
				27C68C64286A4F7F00BDB8E3 /* Movie */,
				2727817B286637E200B07423 /* Search */,
				276838D128620FA900B8F005 /* Movies */,
			);
			path = Views;
			sourceTree = "<group>";
		};
		27DA10FD284BED2800FDF7A9 /* Resources */ = {
			isa = PBXGroup;
			children = (
				27DA10FE284BED8C00FDF7A9 /* movie_info.json */,
				27DA1100284BED8C00FDF7A9 /* movie_list.json */,
				27DA10FF284BED8C00FDF7A9 /* search_movie.json */,
			);
			path = Resources;
			sourceTree = "<group>";
		};
		27DA1104284BF40C00FDF7A9 /* Bindings */ = {
			isa = PBXGroup;
			children = (
				276838E12863DBAF00B8F005 /* MovieListState.swift */,
			);
			path = Bindings;
			sourceTree = "<group>";
		};
		27F0EAC72864F03C00221997 /* Utils */ = {
			isa = PBXGroup;
			children = (
				27DA10F6284BADCD00FDF7A9 /* Utils.swift */,
				27005B7F28477D0B00E9ED18 /* CodableViews.swift */,
				27A04474284E93B6002C93DF /* Extension.swift */,
			);
			path = Utils;
			sourceTree = "<group>";
		};
		D41AFCFE8EBC0DF8835F232D /* Pods */ = {
			isa = PBXGroup;
			children = (
				2BD5960B7ADCE878B7479F52 /* Pods-Movies.debug.xcconfig */,
				DD04DFCC744CF02FA35CCBCA /* Pods-Movies.release.xcconfig */,
			);
			path = Pods;
			sourceTree = "<group>";
		};
		E9EB36319BEDE85A8A832DF7 /* Frameworks */ = {
			isa = PBXGroup;
			children = (
				37F334BA750B1A245D3FF43A /* Pods_Movies.framework */,
			);
			name = Frameworks;
			sourceTree = "<group>";
		};
/* End PBXGroup section */

/* Begin PBXNativeTarget section */
		27005B64284776E900E9ED18 /* Movies */ = {
			isa = PBXNativeTarget;
			buildConfigurationList = 27005B79284776EB00E9ED18 /* Build configuration list for PBXNativeTarget "Movies" */;
			buildPhases = (
				C231B498163523ABD32F70FD /* [CP] Check Pods Manifest.lock */,
				27005B61284776E900E9ED18 /* Sources */,
				27005B62284776E900E9ED18 /* Frameworks */,
				27005B63284776E900E9ED18 /* Resources */,
				475E904C0B65066C898C7510 /* [CP] Embed Pods Frameworks */,
			);
			buildRules = (
			);
			dependencies = (
			);
			name = Movies;
			productName = MovieSearchClone;
			productReference = 27005B65284776E900E9ED18 /* Movies.app */;
			productType = "com.apple.product-type.application";
		};
		2739754228779F7D007106BC /* MoviesUITests */ = {
			isa = PBXNativeTarget;
			buildConfigurationList = 2739754B28779F7D007106BC /* Build configuration list for PBXNativeTarget "MoviesUITests" */;
			buildPhases = (
				2739753F28779F7D007106BC /* Sources */,
				2739754028779F7D007106BC /* Frameworks */,
				2739754128779F7D007106BC /* Resources */,
			);
			buildRules = (
			);
			dependencies = (
				2739754A28779F7D007106BC /* PBXTargetDependency */,
			);
			name = MoviesUITests;
			productName = MoviesUITests;
			productReference = 2739754328779F7D007106BC /* MoviesUITests.xctest */;
			productType = "com.apple.product-type.bundle.ui-testing";
		};
		279A6FE22880D7E3004E68F6 /* MoviesTests */ = {
			isa = PBXNativeTarget;
			buildConfigurationList = 279A6FEB2880D7E3004E68F6 /* Build configuration list for PBXNativeTarget "MoviesTests" */;
			buildPhases = (
				279A6FDF2880D7E3004E68F6 /* Sources */,
				279A6FE02880D7E3004E68F6 /* Frameworks */,
				279A6FE12880D7E3004E68F6 /* Resources */,
			);
			buildRules = (
			);
			dependencies = (
				279A6FE82880D7E3004E68F6 /* PBXTargetDependency */,
			);
			name = MoviesTests;
			productName = MoviesTests;
			productReference = 279A6FE32880D7E3004E68F6 /* MoviesTests.xctest */;
			productType = "com.apple.product-type.bundle.unit-test";
		};
/* End PBXNativeTarget section */

/* Begin PBXProject section */
		27005B5D284776E900E9ED18 /* Project object */ = {
			isa = PBXProject;
			attributes = {
				BuildIndependentTargetsInParallel = 1;
				LastSwiftUpdateCheck = 1340;
				LastUpgradeCheck = 1340;
				TargetAttributes = {
					27005B64284776E900E9ED18 = {
						CreatedOnToolsVersion = 13.4;
					};
					2739754228779F7D007106BC = {
						CreatedOnToolsVersion = 13.4.1;
						TestTargetID = 27005B64284776E900E9ED18;
					};
					279A6FE22880D7E3004E68F6 = {
						CreatedOnToolsVersion = 13.4.1;
						TestTargetID = 27005B64284776E900E9ED18;
					};
				};
			};
			buildConfigurationList = 27005B60284776E900E9ED18 /* Build configuration list for PBXProject "Movies" */;
			compatibilityVersion = "Xcode 13.0";
			developmentRegion = en;
			hasScannedForEncodings = 0;
			knownRegions = (
				en,
				Base,
			);
			mainGroup = 27005B5C284776E900E9ED18;
			productRefGroup = 27005B66284776E900E9ED18 /* Products */;
			projectDirPath = "";
			projectRoot = "";
			targets = (
				27005B64284776E900E9ED18 /* Movies */,
				2739754228779F7D007106BC /* MoviesUITests */,
				279A6FE22880D7E3004E68F6 /* MoviesTests */,
			);
		};
/* End PBXProject section */

/* Begin PBXResourcesBuildPhase section */
		27005B63284776E900E9ED18 /* Resources */ = {
			isa = PBXResourcesBuildPhase;
			buildActionMask = 2147483647;
			files = (
				27005B75284776EB00E9ED18 /* LaunchScreen.storyboard in Resources */,
				27DA1101284BED8C00FDF7A9 /* movie_info.json in Resources */,
				27DA1102284BED8C00FDF7A9 /* search_movie.json in Resources */,
				27DA1103284BED8C00FDF7A9 /* movie_list.json in Resources */,
				27005B72284776EB00E9ED18 /* Assets.xcassets in Resources */,
				2739753E28779DEB007106BC /* GoogleService-Info.plist in Resources */,
			);
			runOnlyForDeploymentPostprocessing = 0;
		};
		2739754128779F7D007106BC /* Resources */ = {
			isa = PBXResourcesBuildPhase;
			buildActionMask = 2147483647;
			files = (
			);
			runOnlyForDeploymentPostprocessing = 0;
		};
		279A6FE12880D7E3004E68F6 /* Resources */ = {
			isa = PBXResourcesBuildPhase;
			buildActionMask = 2147483647;
			files = (
			);
			runOnlyForDeploymentPostprocessing = 0;
		};
/* End PBXResourcesBuildPhase section */

/* Begin PBXShellScriptBuildPhase section */
		475E904C0B65066C898C7510 /* [CP] Embed Pods Frameworks */ = {
			isa = PBXShellScriptBuildPhase;
			buildActionMask = 2147483647;
			files = (
			);
			inputFileListPaths = (
				"${PODS_ROOT}/Target Support Files/Pods-Movies/Pods-Movies-frameworks-${CONFIGURATION}-input-files.xcfilelist",
			);
			name = "[CP] Embed Pods Frameworks";
			outputFileListPaths = (
				"${PODS_ROOT}/Target Support Files/Pods-Movies/Pods-Movies-frameworks-${CONFIGURATION}-output-files.xcfilelist",
			);
			runOnlyForDeploymentPostprocessing = 0;
			shellPath = /bin/sh;
			shellScript = "\"${PODS_ROOT}/Target Support Files/Pods-Movies/Pods-Movies-frameworks.sh\"\n";
			showEnvVarsInLog = 0;
		};
		C231B498163523ABD32F70FD /* [CP] Check Pods Manifest.lock */ = {
			isa = PBXShellScriptBuildPhase;
			buildActionMask = 2147483647;
			files = (
			);
			inputFileListPaths = (
			);
			inputPaths = (
				"${PODS_PODFILE_DIR_PATH}/Podfile.lock",
				"${PODS_ROOT}/Manifest.lock",
			);
			name = "[CP] Check Pods Manifest.lock";
			outputFileListPaths = (
			);
			outputPaths = (
				"$(DERIVED_FILE_DIR)/Pods-Movies-checkManifestLockResult.txt",
			);
			runOnlyForDeploymentPostprocessing = 0;
			shellPath = /bin/sh;
			shellScript = "diff \"${PODS_PODFILE_DIR_PATH}/Podfile.lock\" \"${PODS_ROOT}/Manifest.lock\" > /dev/null\nif [ $? != 0 ] ; then\n    # print error to STDERR\n    echo \"error: The sandbox is not in sync with the Podfile.lock. Run 'pod install' or update your CocoaPods installation.\" >&2\n    exit 1\nfi\n# This output is used by Xcode 'outputs' to avoid re-running this script phase.\necho \"SUCCESS\" > \"${SCRIPT_OUTPUT_FILE_0}\"\n";
			showEnvVarsInLog = 0;
		};
/* End PBXShellScriptBuildPhase section */

/* Begin PBXSourcesBuildPhase section */
		27005B61284776E900E9ED18 /* Sources */ = {
			isa = PBXSourcesBuildPhase;
			buildActionMask = 2147483647;
			files = (
				27DA10FC284BECE600FDF7A9 /* Movies+Stub.swift in Sources */,
				27DA10F5284BAC9100FDF7A9 /* MovieStore.swift in Sources */,
				27DA10ED284BA41500FDF7A9 /* Movie.swift in Sources */,
				276838DC2863C52200B8F005 /* TopRatedCollectionViewCell.swift in Sources */,
				27DA10F7284BADCD00FDF7A9 /* Utils.swift in Sources */,
				27005B8028477D0B00E9ED18 /* CodableViews.swift in Sources */,
				2727817D2866381800B07423 /* SearchCollectionViewCell.swift in Sources */,
				27339F9C286B7D6B00EF5F40 /* ViewController.swift in Sources */,
				277592F12867B924005CD1F3 /* SearchViewController.swift in Sources */,
				27967438287E2A140041BD2B /* Presenter.swift in Sources */,
				27A0447E28594A08002C93DF /* NowPlayingCollectionViewCell.swift in Sources */,
				27A04475284E93B6002C93DF /* Extension.swift in Sources */,
				27DA10FA284BEAE100FDF7A9 /* MovieViewController.swift in Sources */,
				270DA452286DF1F2007F3729 /* LoginViewController.swift in Sources */,
				276838D82863A2D900B8F005 /* UpcomingCollectionViewCell.swift in Sources */,
				276838E02863C6D200B8F005 /* PopularCollectionViewCell.swift in Sources */,
				276838E22863DBAF00B8F005 /* MovieListState.swift in Sources */,
				276838DA2863AA8500B8F005 /* TopRated.swift in Sources */,
				276838D528639DA500B8F005 /* NowPlaying.swift in Sources */,
				270DA455286E1188007F3729 /* RegisterViewController.swift in Sources */,
				27A0447928577F14002C93DF /* Upcoming.swift in Sources */,
				27005B69284776E900E9ED18 /* AppDelegate.swift in Sources */,
				27967436287DF6E30041BD2B /* SearchPresenter.swift in Sources */,
				276838DE2863C6C200B8F005 /* Popular.swift in Sources */,
				27C68C63286A28EC00BDB8E3 /* MovieCollectionViewCell.swift in Sources */,
				276AAB12288730E30031B01D /* NewMovieController.swift in Sources */,
				276838D328620FEB00B8F005 /* MoviesViewController.swift in Sources */,
				27DA10F3284BA9D300FDF7A9 /* MovieService.swift in Sources */,
			);
			runOnlyForDeploymentPostprocessing = 0;
		};
		2739753F28779F7D007106BC /* Sources */ = {
			isa = PBXSourcesBuildPhase;
			buildActionMask = 2147483647;
			files = (
			);
			runOnlyForDeploymentPostprocessing = 0;
		};
		279A6FDF2880D7E3004E68F6 /* Sources */ = {
			isa = PBXSourcesBuildPhase;
			buildActionMask = 2147483647;
			files = (
				27815BC32885A054008E0F31 /* MockLoadURLAndDecoce.swift in Sources */,
				27815BC028859F19008E0F31 /* MovieStoreTestCase.swift in Sources */,
				279A6FE62880D7E3004E68F6 /* SearchViewControllerTests.swift in Sources */,
			);
			runOnlyForDeploymentPostprocessing = 0;
		};
/* End PBXSourcesBuildPhase section */

/* Begin PBXTargetDependency section */
		2739754A28779F7D007106BC /* PBXTargetDependency */ = {
			isa = PBXTargetDependency;
			target = 27005B64284776E900E9ED18 /* Movies */;
			targetProxy = 2739754928779F7D007106BC /* PBXContainerItemProxy */;
		};
		279A6FE82880D7E3004E68F6 /* PBXTargetDependency */ = {
			isa = PBXTargetDependency;
			target = 27005B64284776E900E9ED18 /* Movies */;
			targetProxy = 279A6FE72880D7E3004E68F6 /* PBXContainerItemProxy */;
		};
/* End PBXTargetDependency section */

/* Begin PBXVariantGroup section */
		27005B73284776EB00E9ED18 /* LaunchScreen.storyboard */ = {
			isa = PBXVariantGroup;
			children = (
				27005B74284776EB00E9ED18 /* Base */,
			);
			name = LaunchScreen.storyboard;
			sourceTree = "<group>";
		};
/* End PBXVariantGroup section */

/* Begin XCBuildConfiguration section */
		27005B77284776EB00E9ED18 /* Debug */ = {
			isa = XCBuildConfiguration;
			buildSettings = {
				ALWAYS_SEARCH_USER_PATHS = NO;
				CLANG_ANALYZER_NONNULL = YES;
				CLANG_ANALYZER_NUMBER_OBJECT_CONVERSION = YES_AGGRESSIVE;
				CLANG_CXX_LANGUAGE_STANDARD = "gnu++17";
				CLANG_ENABLE_MODULES = YES;
				CLANG_ENABLE_OBJC_ARC = YES;
				CLANG_ENABLE_OBJC_WEAK = YES;
				CLANG_WARN_BLOCK_CAPTURE_AUTORELEASING = YES;
				CLANG_WARN_BOOL_CONVERSION = YES;
				CLANG_WARN_COMMA = YES;
				CLANG_WARN_CONSTANT_CONVERSION = YES;
				CLANG_WARN_DEPRECATED_OBJC_IMPLEMENTATIONS = YES;
				CLANG_WARN_DIRECT_OBJC_ISA_USAGE = YES_ERROR;
				CLANG_WARN_DOCUMENTATION_COMMENTS = YES;
				CLANG_WARN_EMPTY_BODY = YES;
				CLANG_WARN_ENUM_CONVERSION = YES;
				CLANG_WARN_INFINITE_RECURSION = YES;
				CLANG_WARN_INT_CONVERSION = YES;
				CLANG_WARN_NON_LITERAL_NULL_CONVERSION = YES;
				CLANG_WARN_OBJC_IMPLICIT_RETAIN_SELF = YES;
				CLANG_WARN_OBJC_LITERAL_CONVERSION = YES;
				CLANG_WARN_OBJC_ROOT_CLASS = YES_ERROR;
				CLANG_WARN_QUOTED_INCLUDE_IN_FRAMEWORK_HEADER = YES;
				CLANG_WARN_RANGE_LOOP_ANALYSIS = YES;
				CLANG_WARN_STRICT_PROTOTYPES = YES;
				CLANG_WARN_SUSPICIOUS_MOVE = YES;
				CLANG_WARN_UNGUARDED_AVAILABILITY = YES_AGGRESSIVE;
				CLANG_WARN_UNREACHABLE_CODE = YES;
				CLANG_WARN__DUPLICATE_METHOD_MATCH = YES;
				COPY_PHASE_STRIP = NO;
				DEBUG_INFORMATION_FORMAT = dwarf;
				ENABLE_STRICT_OBJC_MSGSEND = YES;
				ENABLE_TESTABILITY = YES;
				GCC_C_LANGUAGE_STANDARD = gnu11;
				GCC_DYNAMIC_NO_PIC = NO;
				GCC_NO_COMMON_BLOCKS = YES;
				GCC_OPTIMIZATION_LEVEL = 0;
				GCC_PREPROCESSOR_DEFINITIONS = (
					"DEBUG=1",
					"$(inherited)",
				);
				GCC_WARN_64_TO_32_BIT_CONVERSION = YES;
				GCC_WARN_ABOUT_RETURN_TYPE = YES_ERROR;
				GCC_WARN_UNDECLARED_SELECTOR = YES;
				GCC_WARN_UNINITIALIZED_AUTOS = YES_AGGRESSIVE;
				GCC_WARN_UNUSED_FUNCTION = YES;
				GCC_WARN_UNUSED_VARIABLE = YES;
				IPHONEOS_DEPLOYMENT_TARGET = 15.5;
				MTL_ENABLE_DEBUG_INFO = INCLUDE_SOURCE;
				MTL_FAST_MATH = YES;
				ONLY_ACTIVE_ARCH = YES;
				SDKROOT = iphoneos;
				SWIFT_ACTIVE_COMPILATION_CONDITIONS = DEBUG;
				SWIFT_OPTIMIZATION_LEVEL = "-Onone";
			};
			name = Debug;
		};
		27005B78284776EB00E9ED18 /* Release */ = {
			isa = XCBuildConfiguration;
			buildSettings = {
				ALWAYS_SEARCH_USER_PATHS = NO;
				CLANG_ANALYZER_NONNULL = YES;
				CLANG_ANALYZER_NUMBER_OBJECT_CONVERSION = YES_AGGRESSIVE;
				CLANG_CXX_LANGUAGE_STANDARD = "gnu++17";
				CLANG_ENABLE_MODULES = YES;
				CLANG_ENABLE_OBJC_ARC = YES;
				CLANG_ENABLE_OBJC_WEAK = YES;
				CLANG_WARN_BLOCK_CAPTURE_AUTORELEASING = YES;
				CLANG_WARN_BOOL_CONVERSION = YES;
				CLANG_WARN_COMMA = YES;
				CLANG_WARN_CONSTANT_CONVERSION = YES;
				CLANG_WARN_DEPRECATED_OBJC_IMPLEMENTATIONS = YES;
				CLANG_WARN_DIRECT_OBJC_ISA_USAGE = YES_ERROR;
				CLANG_WARN_DOCUMENTATION_COMMENTS = YES;
				CLANG_WARN_EMPTY_BODY = YES;
				CLANG_WARN_ENUM_CONVERSION = YES;
				CLANG_WARN_INFINITE_RECURSION = YES;
				CLANG_WARN_INT_CONVERSION = YES;
				CLANG_WARN_NON_LITERAL_NULL_CONVERSION = YES;
				CLANG_WARN_OBJC_IMPLICIT_RETAIN_SELF = YES;
				CLANG_WARN_OBJC_LITERAL_CONVERSION = YES;
				CLANG_WARN_OBJC_ROOT_CLASS = YES_ERROR;
				CLANG_WARN_QUOTED_INCLUDE_IN_FRAMEWORK_HEADER = YES;
				CLANG_WARN_RANGE_LOOP_ANALYSIS = YES;
				CLANG_WARN_STRICT_PROTOTYPES = YES;
				CLANG_WARN_SUSPICIOUS_MOVE = YES;
				CLANG_WARN_UNGUARDED_AVAILABILITY = YES_AGGRESSIVE;
				CLANG_WARN_UNREACHABLE_CODE = YES;
				CLANG_WARN__DUPLICATE_METHOD_MATCH = YES;
				COPY_PHASE_STRIP = NO;
				DEBUG_INFORMATION_FORMAT = "dwarf-with-dsym";
				ENABLE_NS_ASSERTIONS = NO;
				ENABLE_STRICT_OBJC_MSGSEND = YES;
				GCC_C_LANGUAGE_STANDARD = gnu11;
				GCC_NO_COMMON_BLOCKS = YES;
				GCC_WARN_64_TO_32_BIT_CONVERSION = YES;
				GCC_WARN_ABOUT_RETURN_TYPE = YES_ERROR;
				GCC_WARN_UNDECLARED_SELECTOR = YES;
				GCC_WARN_UNINITIALIZED_AUTOS = YES_AGGRESSIVE;
				GCC_WARN_UNUSED_FUNCTION = YES;
				GCC_WARN_UNUSED_VARIABLE = YES;
				IPHONEOS_DEPLOYMENT_TARGET = 15.5;
				MTL_ENABLE_DEBUG_INFO = NO;
				MTL_FAST_MATH = YES;
				SDKROOT = iphoneos;
				SWIFT_COMPILATION_MODE = wholemodule;
				SWIFT_OPTIMIZATION_LEVEL = "-O";
				VALIDATE_PRODUCT = YES;
			};
			name = Release;
		};
		27005B7A284776EB00E9ED18 /* Debug */ = {
			isa = XCBuildConfiguration;
			baseConfigurationReference = 2BD5960B7ADCE878B7479F52 /* Pods-Movies.debug.xcconfig */;
			buildSettings = {
				ASSETCATALOG_COMPILER_APPICON_NAME = AppIcon;
				ASSETCATALOG_COMPILER_GLOBAL_ACCENT_COLOR_NAME = AccentColor;
				CODE_SIGN_STYLE = Automatic;
				CURRENT_PROJECT_VERSION = 1;
				DEVELOPMENT_TEAM = 56293NUR34;
				GENERATE_INFOPLIST_FILE = YES;
				INFOPLIST_FILE = Movies/Info.plist;
				INFOPLIST_KEY_UIApplicationSupportsIndirectInputEvents = YES;
				INFOPLIST_KEY_UILaunchStoryboardName = LaunchScreen;
				INFOPLIST_KEY_UISupportedInterfaceOrientations = UIInterfaceOrientationPortrait;
				INFOPLIST_KEY_UISupportedInterfaceOrientations_iPad = "UIInterfaceOrientationPortrait UIInterfaceOrientationPortraitUpsideDown UIInterfaceOrientationLandscapeLeft UIInterfaceOrientationLandscapeRight";
				INFOPLIST_KEY_UISupportedInterfaceOrientations_iPhone = "UIInterfaceOrientationPortrait UIInterfaceOrientationLandscapeLeft UIInterfaceOrientationLandscapeRight";
				LD_RUNPATH_SEARCH_PATHS = (
					"$(inherited)",
					"@executable_path/Frameworks",
				);
				MARKETING_VERSION = 1.0;
				PRODUCT_BUNDLE_IDENTIFIER = rafaelopires.Movies;
				PRODUCT_NAME = "$(TARGET_NAME)";
				SWIFT_EMIT_LOC_STRINGS = YES;
				SWIFT_VERSION = 5.0;
				TARGETED_DEVICE_FAMILY = "1,2";
			};
			name = Debug;
		};
		27005B7B284776EB00E9ED18 /* Release */ = {
			isa = XCBuildConfiguration;
			baseConfigurationReference = DD04DFCC744CF02FA35CCBCA /* Pods-Movies.release.xcconfig */;
			buildSettings = {
				ASSETCATALOG_COMPILER_APPICON_NAME = AppIcon;
				ASSETCATALOG_COMPILER_GLOBAL_ACCENT_COLOR_NAME = AccentColor;
				CODE_SIGN_STYLE = Automatic;
				CURRENT_PROJECT_VERSION = 1;
				DEVELOPMENT_TEAM = 56293NUR34;
				GENERATE_INFOPLIST_FILE = YES;
				INFOPLIST_FILE = Movies/Info.plist;
				INFOPLIST_KEY_UIApplicationSupportsIndirectInputEvents = YES;
				INFOPLIST_KEY_UILaunchStoryboardName = LaunchScreen;
				INFOPLIST_KEY_UISupportedInterfaceOrientations = UIInterfaceOrientationPortrait;
				INFOPLIST_KEY_UISupportedInterfaceOrientations_iPad = "UIInterfaceOrientationPortrait UIInterfaceOrientationPortraitUpsideDown UIInterfaceOrientationLandscapeLeft UIInterfaceOrientationLandscapeRight";
				INFOPLIST_KEY_UISupportedInterfaceOrientations_iPhone = "UIInterfaceOrientationPortrait UIInterfaceOrientationLandscapeLeft UIInterfaceOrientationLandscapeRight";
				LD_RUNPATH_SEARCH_PATHS = (
					"$(inherited)",
					"@executable_path/Frameworks",
				);
				MARKETING_VERSION = 1.0;
				PRODUCT_BUNDLE_IDENTIFIER = rafaelopires.Movies;
				PRODUCT_NAME = "$(TARGET_NAME)";
				SWIFT_EMIT_LOC_STRINGS = YES;
				SWIFT_VERSION = 5.0;
				TARGETED_DEVICE_FAMILY = "1,2";
			};
			name = Release;
		};
		2739754C28779F7D007106BC /* Debug */ = {
			isa = XCBuildConfiguration;
			buildSettings = {
				CODE_SIGN_STYLE = Automatic;
				CURRENT_PROJECT_VERSION = 1;
				DEVELOPMENT_TEAM = 56293NUR34;
				GENERATE_INFOPLIST_FILE = YES;
				MARKETING_VERSION = 1.0;
				PRODUCT_BUNDLE_IDENTIFIER = rafaelo.oliveira.MoviesUITests;
				PRODUCT_NAME = "$(TARGET_NAME)";
				SWIFT_EMIT_LOC_STRINGS = NO;
				SWIFT_VERSION = 5.0;
				TARGETED_DEVICE_FAMILY = "1,2";
				TEST_TARGET_NAME = Movies;
			};
			name = Debug;
		};
		2739754D28779F7D007106BC /* Release */ = {
			isa = XCBuildConfiguration;
			buildSettings = {
				CODE_SIGN_STYLE = Automatic;
				CURRENT_PROJECT_VERSION = 1;
				DEVELOPMENT_TEAM = 56293NUR34;
				GENERATE_INFOPLIST_FILE = YES;
				MARKETING_VERSION = 1.0;
				PRODUCT_BUNDLE_IDENTIFIER = rafaelo.oliveira.MoviesUITests;
				PRODUCT_NAME = "$(TARGET_NAME)";
				SWIFT_EMIT_LOC_STRINGS = NO;
				SWIFT_VERSION = 5.0;
				TARGETED_DEVICE_FAMILY = "1,2";
				TEST_TARGET_NAME = Movies;
			};
			name = Release;
		};
		279A6FE92880D7E3004E68F6 /* Debug */ = {
			isa = XCBuildConfiguration;
			buildSettings = {
				BUNDLE_LOADER = "$(TEST_HOST)";
				CODE_SIGN_STYLE = Automatic;
				CURRENT_PROJECT_VERSION = 1;
				DEVELOPMENT_TEAM = 56293NUR34;
				GENERATE_INFOPLIST_FILE = YES;
				MARKETING_VERSION = 1.0;
				PRODUCT_BUNDLE_IDENTIFIER = rafaelo.oliveira.MoviesTests;
				PRODUCT_NAME = "$(TARGET_NAME)";
				SWIFT_EMIT_LOC_STRINGS = NO;
				SWIFT_VERSION = 5.0;
				TARGETED_DEVICE_FAMILY = "1,2";
				TEST_HOST = "$(BUILT_PRODUCTS_DIR)/Movies.app/Movies";
			};
			name = Debug;
		};
		279A6FEA2880D7E3004E68F6 /* Release */ = {
			isa = XCBuildConfiguration;
			buildSettings = {
				BUNDLE_LOADER = "$(TEST_HOST)";
				CODE_SIGN_STYLE = Automatic;
				CURRENT_PROJECT_VERSION = 1;
				DEVELOPMENT_TEAM = 56293NUR34;
				GENERATE_INFOPLIST_FILE = YES;
				MARKETING_VERSION = 1.0;
				PRODUCT_BUNDLE_IDENTIFIER = rafaelo.oliveira.MoviesTests;
				PRODUCT_NAME = "$(TARGET_NAME)";
				SWIFT_EMIT_LOC_STRINGS = NO;
				SWIFT_VERSION = 5.0;
				TARGETED_DEVICE_FAMILY = "1,2";
				TEST_HOST = "$(BUILT_PRODUCTS_DIR)/Movies.app/Movies";
			};
			name = Release;
		};
/* End XCBuildConfiguration section */

/* Begin XCConfigurationList section */
		27005B60284776E900E9ED18 /* Build configuration list for PBXProject "Movies" */ = {
			isa = XCConfigurationList;
			buildConfigurations = (
				27005B77284776EB00E9ED18 /* Debug */,
				27005B78284776EB00E9ED18 /* Release */,
			);
			defaultConfigurationIsVisible = 0;
			defaultConfigurationName = Release;
		};
		27005B79284776EB00E9ED18 /* Build configuration list for PBXNativeTarget "Movies" */ = {
			isa = XCConfigurationList;
			buildConfigurations = (
				27005B7A284776EB00E9ED18 /* Debug */,
				27005B7B284776EB00E9ED18 /* Release */,
			);
			defaultConfigurationIsVisible = 0;
			defaultConfigurationName = Release;
		};
		2739754B28779F7D007106BC /* Build configuration list for PBXNativeTarget "MoviesUITests" */ = {
			isa = XCConfigurationList;
			buildConfigurations = (
				2739754C28779F7D007106BC /* Debug */,
				2739754D28779F7D007106BC /* Release */,
			);
			defaultConfigurationIsVisible = 0;
			defaultConfigurationName = Release;
		};
		279A6FEB2880D7E3004E68F6 /* Build configuration list for PBXNativeTarget "MoviesTests" */ = {
			isa = XCConfigurationList;
			buildConfigurations = (
				279A6FE92880D7E3004E68F6 /* Debug */,
				279A6FEA2880D7E3004E68F6 /* Release */,
			);
			defaultConfigurationIsVisible = 0;
			defaultConfigurationName = Release;
		};
/* End XCConfigurationList section */
	};
	rootObject = 27005B5D284776E900E9ED18 /* Project object */;
}
